# This file is automatically @generated by Poetry 1.8.4 and should not be changed by hand.

[[package]]
name = "cachetools"
version = "5.5.0"
description = "Extensible memoizing collections and decorators"
optional = false
python-versions = ">=3.7"
files = [
    {file = "cachetools-5.5.0-py3-none-any.whl", hash = "sha256:02134e8439cdc2ffb62023ce1debca2944c3f289d66bb17ead3ab3dede74b292"},
    {file = "cachetools-5.5.0.tar.gz", hash = "sha256:2cc24fb4cbe39633fb7badd9db9ca6295d766d9c2995f245725a46715d050f2a"},
]

[metadata]
lock-version = "2.0"
python-versions = "^3.10"
content-hash = "535e97499dd08cc9f72181ece07c9d96f88adf62e0b6fdaf875fda267df8aa26"
